
Microsoft Visual Studio Solution File, Format Version 12.00
# Visual Studio Version 17
VisualStudioVersion = 17.12.35707.178
MinimumVisualStudioVersion = 10.0.40219.1
Project("{FAE04EC0-301F-11D3-BF4B-00C04F79EFBC}") = "APIBootcamp.API", "API\APIBootcamp.API\APIBootcamp.API.csproj", "{C0B6F689-8836-4F12-8B38-090301253642}"
EndProject
Project("{FAE04EC0-301F-11D3-BF4B-00C04F79EFBC}") = "APIBootcamp.UI", "UI\APIBootcamp.UI\APIBootcamp.UI.csproj", "{2D670043-89C8-4D6C-A312-BF9779817D5B}"
EndProject
Project("{2150E333-8FDC-42A3-9474-1A3956D46DE8}") = "Solution Items", "Solution Items", "{8EC462FD-D22E-90A8-E5CE-7E832BA40C5D}"
	ProjectSection(SolutionItems) = preProject
		TODO_LIST.txt = TODO_LIST.txt
	EndProjectSection
EndProject
Global
	GlobalSection(SolutionConfigurationPlatforms) = preSolution
		Debug|Any CPU = Debug|Any CPU
		Release|Any CPU = Release|Any CPU
	EndGlobalSection
	GlobalSection(ProjectConfigurationPlatforms) = postSolution
		{C0B6F689-8836-4F12-8B38-090301253642}.Debug|Any CPU.ActiveCfg = Debug|Any CPU
		{C0B6F689-8836-4F12-8B38-090301253642}.Debug|Any CPU.Build.0 = Debug|Any CPU
		{C0B6F689-8836-4F12-8B38-090301253642}.Release|Any CPU.ActiveCfg = Release|Any CPU
		{C0B6F689-8836-4F12-8B38-090301253642}.Release|Any CPU.Build.0 = Release|Any CPU
		{2D670043-89C8-4D6C-A312-BF9779817D5B}.Debug|Any CPU.ActiveCfg = Debug|Any CPU
		{2D670043-89C8-4D6C-A312-BF9779817D5B}.Debug|Any CPU.Build.0 = Debug|Any CPU
		{2D670043-89C8-4D6C-A312-BF9779817D5B}.Release|Any CPU.ActiveCfg = Release|Any CPU
		{2D670043-89C8-4D6C-A312-BF9779817D5B}.Release|Any CPU.Build.0 = Release|Any CPU
	EndGlobalSection
	GlobalSection(SolutionProperties) = preSolution
		HideSolutionNode = FALSE
	EndGlobalSection
	GlobalSection(ExtensibilityGlobals) = postSolution
		SolutionGuid = {9F661FBC-7060-4C32-9C73-7B509FA9BD83}
	EndGlobalSection
EndGlobal
